# This file is automatically @generated by Cargo.
# It is not intended for manual editing.
version = 4

[[package]]
name = "core_simd"
version = "0.1.0"
source = "git+https://github.com/rust-lang/portable-simd.git#68947612ba26221ced5ce99879f52229320e5157"

[[package]]
name = "simd_util"
version = "0.1.0"
dependencies = [
 "core_simd",
 "std_float",
]

[[package]]
name = "std_float"
version = "0.1.0"
source = "git+https://github.com/rust-lang/portable-simd.git#68947612ba26221ced5ce99879f52229320e5157"
dependencies = [
 "core_simd",
]
