# This file is automatically @generated by Cargo.
# It is not intended for manual editing.
version = 3

[[package]]
name = "cfg-if"
version = "1.0.0"
source = "registry+https://github.com/rust-lang/crates.io-index"
checksum = "baf1de4339761588bc0619e3cbc0120ee582ebb74b53b4efbf79117bd2da40fd"

[[package]]
name = "core_simd"
version = "0.1.0"
source = "git+https://github.com/rust-lang/portable-simd.git#73d7eb5f73ba6abd3328c9c49c524d5f945498e0"

[[package]]
name = "plugin_util"
version = "0.1.0"
dependencies = [
 "cfg-if",
 "core_simd",
 "std_float",
]

[[package]]
name = "std_float"
version = "0.1.0"
source = "git+https://github.com/rust-lang/portable-simd.git#73d7eb5f73ba6abd3328c9c49c524d5f945498e0"
dependencies = [
 "core_simd",
]
