# This file is automatically @generated by Cargo.
# It is not intended for manual editing.
version = 4

[[package]]
name = "core_simd"
version = "0.1.0"
source = "git+https://github.com/rust-lang/portable-simd.git#3383cfbd3572465febc7a8f816a46304373de46a"

[[package]]
name = "simd_util"
version = "0.1.0"
dependencies = [
 "core_simd",
 "std_float",
]

[[package]]
name = "std_float"
version = "0.1.0"
source = "git+https://github.com/rust-lang/portable-simd.git#3383cfbd3572465febc7a8f816a46304373de46a"
dependencies = [
 "core_simd",
]
